// !$*UTF8*$!
{
	archiveVersion = 1;
	classes = {
	};
	objectVersion = 56;
	objects = {

/* Begin PBXBuildFile section */
		8C811D252B8609D8004C59C8 /* AppDelegate.swift in Sources */ = {isa = PBXBuildFile; fileRef = 8C811D242B8609D8004C59C8 /* AppDelegate.swift */; };
		8C811D272B8609D8004C59C8 /* SceneDelegate.swift in Sources */ = {isa = PBXBuildFile; fileRef = 8C811D262B8609D8004C59C8 /* SceneDelegate.swift */; };
		8C811D292B8609D8004C59C8 /* ViewController.swift in Sources */ = {isa = PBXBuildFile; fileRef = 8C811D282B8609D8004C59C8 /* ViewController.swift */; };
		8C811D2C2B8609D8004C59C8 /* Main.storyboard in Resources */ = {isa = PBXBuildFile; fileRef = 8C811D2A2B8609D8004C59C8 /* Main.storyboard */; };
		8C811D2E2B8609D9004C59C8 /* Assets.xcassets in Resources */ = {isa = PBXBuildFile; fileRef = 8C811D2D2B8609D9004C59C8 /* Assets.xcassets */; };
		8C811D312B8609D9004C59C8 /* LaunchScreen.storyboard in Resources */ = {isa = PBXBuildFile; fileRef = 8C811D2F2B8609D9004C59C8 /* LaunchScreen.storyboard */; };
		8CFD08562B860E2B002E4F67 /* Foundation +Extensions.swift in Sources */ = {isa = PBXBuildFile; fileRef = 8CFD08552B860E2B002E4F67 /* Foundation +Extensions.swift */; };
		8CFD08582B860E4C002E4F67 /* BruteForceMethod.swift in Sources */ = {isa = PBXBuildFile; fileRef = 8CFD08572B860E4C002E4F67 /* BruteForceMethod.swift */; };
/* End PBXBuildFile section */

/* Begin PBXFileReference section */
		8C811D212B8609D8004C59C8 /* Project 004. Choose password.app */ = {isa = PBXFileReference; explicitFileType = wrapper.application; includeInIndex = 0; path = "Project 004. Choose password.app"; sourceTree = BUILT_PRODUCTS_DIR; };
		8C811D242B8609D8004C59C8 /* AppDelegate.swift */ = {isa = PBXFileReference; lastKnownFileType = sourcecode.swift; path = AppDelegate.swift; sourceTree = "<group>"; };
		8C811D262B8609D8004C59C8 /* SceneDelegate.swift */ = {isa = PBXFileReference; lastKnownFileType = sourcecode.swift; path = SceneDelegate.swift; sourceTree = "<group>"; };
		8C811D282B8609D8004C59C8 /* ViewController.swift */ = {isa = PBXFileReference; lastKnownFileType = sourcecode.swift; path = ViewController.swift; sourceTree = "<group>"; };
		8C811D2B2B8609D8004C59C8 /* Base */ = {isa = PBXFileReference; lastKnownFileType = file.storyboard; name = Base; path = Base.lproj/Main.storyboard; sourceTree = "<group>"; };
		8C811D2D2B8609D9004C59C8 /* Assets.xcassets */ = {isa = PBXFileReference; lastKnownFileType = folder.assetcatalog; path = Assets.xcassets; sourceTree = "<group>"; };
		8C811D302B8609D9004C59C8 /* Base */ = {isa = PBXFileReference; lastKnownFileType = file.storyboard; name = Base; path = Base.lproj/LaunchScreen.storyboard; sourceTree = "<group>"; };
		8C811D322B8609D9004C59C8 /* Info.plist */ = {isa = PBXFileReference; lastKnownFileType = text.plist.xml; path = Info.plist; sourceTree = "<group>"; };
		8CFD08552B860E2B002E4F67 /* Foundation +Extensions.swift */ = {isa = PBXFileReference; lastKnownFileType = sourcecode.swift; path = "Foundation +Extensions.swift"; sourceTree = "<group>"; };
		8CFD08572B860E4C002E4F67 /* BruteForceMethod.swift */ = {isa = PBXFileReference; lastKnownFileType = sourcecode.swift; path = BruteForceMethod.swift; sourceTree = "<group>"; };
/* End PBXFileReference section */

/* Begin PBXFrameworksBuildPhase section */
		8C811D1E2B8609D8004C59C8 /* Frameworks */ = {
			isa = PBXFrameworksBuildPhase;
			buildActionMask = 2147483647;
			files = (
			);
			runOnlyForDeploymentPostprocessing = 0;
		};
/* End PBXFrameworksBuildPhase section */

/* Begin PBXGroup section */
		8C811D182B8609D8004C59C8 = {
			isa = PBXGroup;
			children = (
				8C811D232B8609D8004C59C8 /* Project 004. Choose password */,
				8C811D222B8609D8004C59C8 /* Products */,
			);
			sourceTree = "<group>";
		};
		8C811D222B8609D8004C59C8 /* Products */ = {
			isa = PBXGroup;
			children = (
				8C811D212B8609D8004C59C8 /* Project 004. Choose password.app */,
			);
			name = Products;
			sourceTree = "<group>";
		};
		8C811D232B8609D8004C59C8 /* Project 004. Choose password */ = {
			isa = PBXGroup;
			children = (
				8CFD08542B860DF9002E4F67 /* Extensions */,
				8C811D242B8609D8004C59C8 /* AppDelegate.swift */,
				8C811D262B8609D8004C59C8 /* SceneDelegate.swift */,
				8C811D282B8609D8004C59C8 /* ViewController.swift */,
				8C811D2A2B8609D8004C59C8 /* Main.storyboard */,
				8C811D2D2B8609D9004C59C8 /* Assets.xcassets */,
				8C811D2F2B8609D9004C59C8 /* LaunchScreen.storyboard */,
				8C811D322B8609D9004C59C8 /* Info.plist */,
				8CFD08572B860E4C002E4F67 /* BruteForceMethod.swift */,
			);
			path = "Project 004. Choose password";
			sourceTree = "<group>";
		};
		8CFD08542B860DF9002E4F67 /* Extensions */ = {
			isa = PBXGroup;
			children = (
				8CFD08552B860E2B002E4F67 /* Foundation +Extensions.swift */,
			);
			path = Extensions;
			sourceTree = "<group>";
		};
/* End PBXGroup section */

/* Begin PBXNativeTarget section */
		8C811D202B8609D8004C59C8 /* Project 004. Choose password */ = {
			isa = PBXNativeTarget;
			buildConfigurationList = 8C811D352B8609D9004C59C8 /* Build configuration list for PBXNativeTarget "Project 004. Choose password" */;
			buildPhases = (
				8C811D1D2B8609D8004C59C8 /* Sources */,
				8C811D1E2B8609D8004C59C8 /* Frameworks */,
				8C811D1F2B8609D8004C59C8 /* Resources */,
			);
			buildRules = (
			);
			dependencies = (
			);
			name = "Project 004. Choose password";
			productName = "Project 004. Choose password";
			productReference = 8C811D212B8609D8004C59C8 /* Project 004. Choose password.app */;
			productType = "com.apple.product-type.application";
		};
/* End PBXNativeTarget section */

/* Begin PBXProject section */
		8C811D192B8609D8004C59C8 /* Project object */ = {
			isa = PBXProject;
			attributes = {
				BuildIndependentTargetsInParallel = 1;
				LastSwiftUpdateCheck = 1520;
				LastUpgradeCheck = 1520;
				TargetAttributes = {
					8C811D202B8609D8004C59C8 = {
						CreatedOnToolsVersion = 15.2;
					};
				};
			};
			buildConfigurationList = 8C811D1C2B8609D8004C59C8 /* Build configuration list for PBXProject "Project 004. Choose password" */;
			compatibilityVersion = "Xcode 14.0";
			developmentRegion = en;
			hasScannedForEncodings = 0;
			knownRegions = (
				en,
				Base,
			);
			mainGroup = 8C811D182B8609D8004C59C8;
			productRefGroup = 8C811D222B8609D8004C59C8 /* Products */;
			projectDirPath = "";
			projectRoot = "";
			targets = (
				8C811D202B8609D8004C59C8 /* Project 004. Choose password */,
			);
		};
/* End PBXProject section */

/* Begin PBXResourcesBuildPhase section */
		8C811D1F2B8609D8004C59C8 /* Resources */ = {
			isa = PBXResourcesBuildPhase;
			buildActionMask = 2147483647;
			files = (
				8C811D312B8609D9004C59C8 /* LaunchScreen.storyboard in Resources */,
				8C811D2E2B8609D9004C59C8 /* Assets.xcassets in Resources */,
				8C811D2C2B8609D8004C59C8 /* Main.storyboard in Resources */,
			);
			runOnlyForDeploymentPostprocessing = 0;
		};
/* End PBXResourcesBuildPhase section */

/* Begin PBXSourcesBuildPhase section */
		8C811D1D2B8609D8004C59C8 /* Sources */ = {
			isa = PBXSourcesBuildPhase;
			buildActionMask = 2147483647;
			files = (
				8C811D292B8609D8004C59C8 /* ViewController.swift in Sources */,
				8CFD08562B860E2B002E4F67 /* Foundation +Extensions.swift in Sources */,
				8C811D252B8609D8004C59C8 /* AppDelegate.swift in Sources */,
				8C811D272B8609D8004C59C8 /* SceneDelegate.swift in Sources */,
				8CFD08582B860E4C002E4F67 /* BruteForceMethod.swift in Sources */,
			);
			runOnlyForDeploymentPostprocessing = 0;
		};
/* End PBXSourcesBuildPhase section */

/* Begin PBXVariantGroup section */
		8C811D2A2B8609D8004C59C8 /* Main.storyboard */ = {
			isa = PBXVariantGroup;
			children = (
				8C811D2B2B8609D8004C59C8 /* Base */,
			);
			name = Main.storyboard;
			sourceTree = "<group>";
		};
		8C811D2F2B8609D9004C59C8 /* LaunchScreen.storyboard */ = {
			isa = PBXVariantGroup;
			children = (
				8C811D302B8609D9004C59C8 /* Base */,
			);
			name = LaunchScreen.storyboard;
			sourceTree = "<group>";
		};
/* End PBXVariantGroup section */

/* Begin XCBuildConfiguration section */
		8C811D332B8609D9004C59C8 /* Debug */ = {
			isa = XCBuildConfiguration;
			buildSettings = {
				ALWAYS_SEARCH_USER_PATHS = NO;
				ASSETCATALOG_COMPILER_GENERATE_SWIFT_ASSET_SYMBOL_EXTENSIONS = YES;
				CLANG_ANALYZER_NONNULL = YES;
				CLANG_ANALYZER_NUMBER_OBJECT_CONVERSION = YES_AGGRESSIVE;
				CLANG_CXX_LANGUAGE_STANDARD = "gnu++20";
				CLANG_ENABLE_MODULES = YES;
				CLANG_ENABLE_OBJC_ARC = YES;
				CLANG_ENABLE_OBJC_WEAK = YES;
				CLANG_WARN_BLOCK_CAPTURE_AUTORELEASING = YES;
				CLANG_WARN_BOOL_CONVERSION = YES;
				CLANG_WARN_COMMA = YES;
				CLANG_WARN_CONSTANT_CONVERSION = YES;
				CLANG_WARN_DEPRECATED_OBJC_IMPLEMENTATIONS = YES;
				CLANG_WARN_DIRECT_OBJC_ISA_USAGE = YES_ERROR;
				CLANG_WARN_DOCUMENTATION_COMMENTS = YES;
				CLANG_WARN_EMPTY_BODY = YES;
				CLANG_WARN_ENUM_CONVERSION = YES;
				CLANG_WARN_INFINITE_RECURSION = YES;
				CLANG_WARN_INT_CONVERSION = YES;
				CLANG_WARN_NON_LITERAL_NULL_CONVERSION = YES;
				CLANG_WARN_OBJC_IMPLICIT_RETAIN_SELF = YES;
				CLANG_WARN_OBJC_LITERAL_CONVERSION = YES;
				CLANG_WARN_OBJC_ROOT_CLASS = YES_ERROR;
				CLANG_WARN_QUOTED_INCLUDE_IN_FRAMEWORK_HEADER = YES;
				CLANG_WARN_RANGE_LOOP_ANALYSIS = YES;
				CLANG_WARN_STRICT_PROTOTYPES = YES;
				CLANG_WARN_SUSPICIOUS_MOVE = YES;
				CLANG_WARN_UNGUARDED_AVAILABILITY = YES_AGGRESSIVE;
				CLANG_WARN_UNREACHABLE_CODE = YES;
				CLANG_WARN__DUPLICATE_METHOD_MATCH = YES;
				COPY_PHASE_STRIP = NO;
				DEBUG_INFORMATION_FORMAT = dwarf;
				ENABLE_STRICT_OBJC_MSGSEND = YES;
				ENABLE_TESTABILITY = YES;
				ENABLE_USER_SCRIPT_SANDBOXING = YES;
				GCC_C_LANGUAGE_STANDARD = gnu17;
				GCC_DYNAMIC_NO_PIC = NO;
				GCC_NO_COMMON_BLOCKS = YES;
				GCC_OPTIMIZATION_LEVEL = 0;
				GCC_PREPROCESSOR_DEFINITIONS = (
					"DEBUG=1",
					"$(inherited)",
				);
				GCC_WARN_64_TO_32_BIT_CONVERSION = YES;
				GCC_WARN_ABOUT_RETURN_TYPE = YES_ERROR;
				GCC_WARN_UNDECLARED_SELECTOR = YES;
				GCC_WARN_UNINITIALIZED_AUTOS = YES_AGGRESSIVE;
				GCC_WARN_UNUSED_FUNCTION = YES;
				GCC_WARN_UNUSED_VARIABLE = YES;
				IPHONEOS_DEPLOYMENT_TARGET = 17.2;
				LOCALIZATION_PREFERS_STRING_CATALOGS = YES;
				MTL_ENABLE_DEBUG_INFO = INCLUDE_SOURCE;
				MTL_FAST_MATH = YES;
				ONLY_ACTIVE_ARCH = YES;
				SDKROOT = iphoneos;
				SWIFT_ACTIVE_COMPILATION_CONDITIONS = "DEBUG $(inherited)";
				SWIFT_OPTIMIZATION_LEVEL = "-Onone";
			};
			name = Debug;
		};
		8C811D342B8609D9004C59C8 /* Release */ = {
			isa = XCBuildConfiguration;
			buildSettings = {
				ALWAYS_SEARCH_USER_PATHS = NO;
				ASSETCATALOG_COMPILER_GENERATE_SWIFT_ASSET_SYMBOL_EXTENSIONS = YES;
				CLANG_ANALYZER_NONNULL = YES;
				CLANG_ANALYZER_NUMBER_OBJECT_CONVERSION = YES_AGGRESSIVE;
				CLANG_CXX_LANGUAGE_STANDARD = "gnu++20";
				CLANG_ENABLE_MODULES = YES;
				CLANG_ENABLE_OBJC_ARC = YES;
				CLANG_ENABLE_OBJC_WEAK = YES;
				CLANG_WARN_BLOCK_CAPTURE_AUTORELEASING = YES;
				CLANG_WARN_BOOL_CONVERSION = YES;
				CLANG_WARN_COMMA = YES;
				CLANG_WARN_CONSTANT_CONVERSION = YES;
				CLANG_WARN_DEPRECATED_OBJC_IMPLEMENTATIONS = YES;
				CLANG_WARN_DIRECT_OBJC_ISA_USAGE = YES_ERROR;
				CLANG_WARN_DOCUMENTATION_COMMENTS = YES;
				CLANG_WARN_EMPTY_BODY = YES;
				CLANG_WARN_ENUM_CONVERSION = YES;
				CLANG_WARN_INFINITE_RECURSION = YES;
				CLANG_WARN_INT_CONVERSION = YES;
				CLANG_WARN_NON_LITERAL_NULL_CONVERSION = YES;
				CLANG_WARN_OBJC_IMPLICIT_RETAIN_SELF = YES;
				CLANG_WARN_OBJC_LITERAL_CONVERSION = YES;
				CLANG_WARN_OBJC_ROOT_CLASS = YES_ERROR;
				CLANG_WARN_QUOTED_INCLUDE_IN_FRAMEWORK_HEADER = YES;
				CLANG_WARN_RANGE_LOOP_ANALYSIS = YES;
				CLANG_WARN_STRICT_PROTOTYPES = YES;
				CLANG_WARN_SUSPICIOUS_MOVE = YES;
				CLANG_WARN_UNGUARDED_AVAILABILITY = YES_AGGRESSIVE;
				CLANG_WARN_UNREACHABLE_CODE = YES;
				CLANG_WARN__DUPLICATE_METHOD_MATCH = YES;
				COPY_PHASE_STRIP = NO;
				DEBUG_INFORMATION_FORMAT = "dwarf-with-dsym";
				ENABLE_NS_ASSERTIONS = NO;
				ENABLE_STRICT_OBJC_MSGSEND = YES;
				ENABLE_USER_SCRIPT_SANDBOXING = YES;
				GCC_C_LANGUAGE_STANDARD = gnu17;
				GCC_NO_COMMON_BLOCKS = YES;
				GCC_WARN_64_TO_32_BIT_CONVERSION = YES;
				GCC_WARN_ABOUT_RETURN_TYPE = YES_ERROR;
				GCC_WARN_UNDECLARED_SELECTOR = YES;
				GCC_WARN_UNINITIALIZED_AUTOS = YES_AGGRESSIVE;
				GCC_WARN_UNUSED_FUNCTION = YES;
				GCC_WARN_UNUSED_VARIABLE = YES;
				IPHONEOS_DEPLOYMENT_TARGET = 17.2;
				LOCALIZATION_PREFERS_STRING_CATALOGS = YES;
				MTL_ENABLE_DEBUG_INFO = NO;
				MTL_FAST_MATH = YES;
				SDKROOT = iphoneos;
				SWIFT_COMPILATION_MODE = wholemodule;
				VALIDATE_PRODUCT = YES;
			};
			name = Release;
		};
		8C811D362B8609D9004C59C8 /* Debug */ = {
			isa = XCBuildConfiguration;
			buildSettings = {
				ASSETCATALOG_COMPILER_APPICON_NAME = AppIcon;
				ASSETCATALOG_COMPILER_GLOBAL_ACCENT_COLOR_NAME = AccentColor;
				CODE_SIGN_STYLE = Automatic;
				CURRENT_PROJECT_VERSION = 1;
				GENERATE_INFOPLIST_FILE = YES;
				INFOPLIST_FILE = "Project 004. Choose password/Info.plist";
				INFOPLIST_KEY_UIApplicationSupportsIndirectInputEvents = YES;
				INFOPLIST_KEY_UILaunchStoryboardName = LaunchScreen;
				INFOPLIST_KEY_UIMainStoryboardFile = Main;
				INFOPLIST_KEY_UISupportedInterfaceOrientations_iPad = "UIInterfaceOrientationPortrait UIInterfaceOrientationPortraitUpsideDown UIInterfaceOrientationLandscapeLeft UIInterfaceOrientationLandscapeRight";
				INFOPLIST_KEY_UISupportedInterfaceOrientations_iPhone = "UIInterfaceOrientationPortrait UIInterfaceOrientationLandscapeLeft UIInterfaceOrientationLandscapeRight";
				LD_RUNPATH_SEARCH_PATHS = (
					"$(inherited)",
					"@executable_path/Frameworks",
				);
				MARKETING_VERSION = 1.0;
				PRODUCT_BUNDLE_IDENTIFIER = "myApp.Project-004--Choose-password";
				PRODUCT_NAME = "$(TARGET_NAME)";
				SWIFT_EMIT_LOC_STRINGS = YES;
				SWIFT_VERSION = 5.0;
				TARGETED_DEVICE_FAMILY = "1,2";
			};
			name = Debug;
		};
		8C811D372B8609D9004C59C8 /* Release */ = {
			isa = XCBuildConfiguration;
			buildSettings = {
				ASSETCATALOG_COMPILER_APPICON_NAME = AppIcon;
				ASSETCATALOG_COMPILER_GLOBAL_ACCENT_COLOR_NAME = AccentColor;
				CODE_SIGN_STYLE = Automatic;
				CURRENT_PROJECT_VERSION = 1;
				GENERATE_INFOPLIST_FILE = YES;
				INFOPLIST_FILE = "Project 004. Choose password/Info.plist";
				INFOPLIST_KEY_UIApplicationSupportsIndirectInputEvents = YES;
				INFOPLIST_KEY_UILaunchStoryboardName = LaunchScreen;
				INFOPLIST_KEY_UIMainStoryboardFile = Main;
				INFOPLIST_KEY_UISupportedInterfaceOrientations_iPad = "UIInterfaceOrientationPortrait UIInterfaceOrientationPortraitUpsideDown UIInterfaceOrientationLandscapeLeft UIInterfaceOrientationLandscapeRight";
				INFOPLIST_KEY_UISupportedInterfaceOrientations_iPhone = "UIInterfaceOrientationPortrait UIInterfaceOrientationLandscapeLeft UIInterfaceOrientationLandscapeRight";
				LD_RUNPATH_SEARCH_PATHS = (
					"$(inherited)",
					"@executable_path/Frameworks",
				);
				MARKETING_VERSION = 1.0;
				PRODUCT_BUNDLE_IDENTIFIER = "myApp.Project-004--Choose-password";
				PRODUCT_NAME = "$(TARGET_NAME)";
				SWIFT_EMIT_LOC_STRINGS = YES;
				SWIFT_VERSION = 5.0;
				TARGETED_DEVICE_FAMILY = "1,2";
			};
			name = Release;
		};
/* End XCBuildConfiguration section */

/* Begin XCConfigurationList section */
		8C811D1C2B8609D8004C59C8 /* Build configuration list for PBXProject "Project 004. Choose password" */ = {
			isa = XCConfigurationList;
			buildConfigurations = (
				8C811D332B8609D9004C59C8 /* Debug */,
				8C811D342B8609D9004C59C8 /* Release */,
			);
			defaultConfigurationIsVisible = 0;
			defaultConfigurationName = Release;
		};
		8C811D352B8609D9004C59C8 /* Build configuration list for PBXNativeTarget "Project 004. Choose password" */ = {
			isa = XCConfigurationList;
			buildConfigurations = (
				8C811D362B8609D9004C59C8 /* Debug */,
				8C811D372B8609D9004C59C8 /* Release */,
			);
			defaultConfigurationIsVisible = 0;
			defaultConfigurationName = Release;
		};
/* End XCConfigurationList section */
	};
	rootObject = 8C811D192B8609D8004C59C8 /* Project object */;
}
